
Microsoft Visual Studio Solution File, Format Version 12.00
# Visual Studio 15
Project("{FAE04EC0-301F-11D3-BF4B-00C04F79EFBC}") = "Assembly-CSharp", "Assembly-CSharp.csproj", "{77BB0C59-6EDF-441D-78FC-8511ED0AC6CC}"
EndProject
Project("{FAE04EC0-301F-11D3-BF4B-00C04F79EFBC}") = "Unity.2D.Tilemap.Extras", "Unity.2D.Tilemap.Extras.csproj", "{1BC18D5E-0CCB-03F3-4211-09A3C6B989E5}"
EndProject
Project("{FAE04EC0-301F-11D3-BF4B-00C04F79EFBC}") = "Unity.2D.Tilemap.Extras.Editor", "Unity.2D.Tilemap.Extras.Editor.csproj", "{1DC0A199-A72D-3892-1E3B-BAFA015331FB}"
EndProject
Global
	GlobalSection(SolutionConfigurationPlatforms) = preSolution
		Debug|Any CPU = Debug|Any CPU
		Release|Any CPU = Release|Any CPU
	EndGlobalSection
	GlobalSection(ProjectConfigurationPlatforms) = postSolution
		{77BB0C59-6EDF-441D-78FC-8511ED0AC6CC}.Debug|Any CPU.ActiveCfg = Debug|Any CPU
		{77BB0C59-6EDF-441D-78FC-8511ED0AC6CC}.Debug|Any CPU.Build.0 = Debug|Any CPU
		{77BB0C59-6EDF-441D-78FC-8511ED0AC6CC}.Release|Any CPU.ActiveCfg = Release|Any CPU
		{77BB0C59-6EDF-441D-78FC-8511ED0AC6CC}.Release|Any CPU.Build.0 = Release|Any CPU
		{1BC18D5E-0CCB-03F3-4211-09A3C6B989E5}.Debug|Any CPU.ActiveCfg = Debug|Any CPU
		{1BC18D5E-0CCB-03F3-4211-09A3C6B989E5}.Debug|Any CPU.Build.0 = Debug|Any CPU
		{1BC18D5E-0CCB-03F3-4211-09A3C6B989E5}.Release|Any CPU.ActiveCfg = Release|Any CPU
		{1BC18D5E-0CCB-03F3-4211-09A3C6B989E5}.Release|Any CPU.Build.0 = Release|Any CPU
		{1DC0A199-A72D-3892-1E3B-BAFA015331FB}.Debug|Any CPU.ActiveCfg = Debug|Any CPU
		{1DC0A199-A72D-3892-1E3B-BAFA015331FB}.Debug|Any CPU.Build.0 = Debug|Any CPU
		{1DC0A199-A72D-3892-1E3B-BAFA015331FB}.Release|Any CPU.ActiveCfg = Release|Any CPU
		{1DC0A199-A72D-3892-1E3B-BAFA015331FB}.Release|Any CPU.Build.0 = Release|Any CPU
	EndGlobalSection
	GlobalSection(SolutionProperties) = preSolution
		HideSolutionNode = FALSE
	EndGlobalSection
EndGlobal
