
Microsoft Visual Studio Solution File, Format Version 12.00
# Visual Studio 15
Project("{FAE04EC0-301F-11D3-BF4B-00C04F79EFBC}") = "Assembly-CSharp", "Assembly-CSharp.csproj", "{CEAC0DC3-7075-225A-3D47-1BC002117FE9}"
EndProject
Project("{FAE04EC0-301F-11D3-BF4B-00C04F79EFBC}") = "Unity.2D.Tilemap.Extras", "Unity.2D.Tilemap.Extras.csproj", "{AF122E0C-6D7B-37AE-2BD5-033AA9787A44}"
EndProject
Project("{FAE04EC0-301F-11D3-BF4B-00C04F79EFBC}") = "Unity.2D.Tilemap.Extras.Editor", "Unity.2D.Tilemap.Extras.Editor.csproj", "{165987B2-2F6C-B884-999D-BB349EE034BB}"
EndProject
Global
	GlobalSection(SolutionConfigurationPlatforms) = preSolution
		Debug|Any CPU = Debug|Any CPU
		Release|Any CPU = Release|Any CPU
	EndGlobalSection
	GlobalSection(ProjectConfigurationPlatforms) = postSolution
		{CEAC0DC3-7075-225A-3D47-1BC002117FE9}.Debug|Any CPU.ActiveCfg = Debug|Any CPU
		{CEAC0DC3-7075-225A-3D47-1BC002117FE9}.Debug|Any CPU.Build.0 = Debug|Any CPU
		{CEAC0DC3-7075-225A-3D47-1BC002117FE9}.Release|Any CPU.ActiveCfg = Release|Any CPU
		{CEAC0DC3-7075-225A-3D47-1BC002117FE9}.Release|Any CPU.Build.0 = Release|Any CPU
		{AF122E0C-6D7B-37AE-2BD5-033AA9787A44}.Debug|Any CPU.ActiveCfg = Debug|Any CPU
		{AF122E0C-6D7B-37AE-2BD5-033AA9787A44}.Debug|Any CPU.Build.0 = Debug|Any CPU
		{AF122E0C-6D7B-37AE-2BD5-033AA9787A44}.Release|Any CPU.ActiveCfg = Release|Any CPU
		{AF122E0C-6D7B-37AE-2BD5-033AA9787A44}.Release|Any CPU.Build.0 = Release|Any CPU
		{165987B2-2F6C-B884-999D-BB349EE034BB}.Debug|Any CPU.ActiveCfg = Debug|Any CPU
		{165987B2-2F6C-B884-999D-BB349EE034BB}.Debug|Any CPU.Build.0 = Debug|Any CPU
		{165987B2-2F6C-B884-999D-BB349EE034BB}.Release|Any CPU.ActiveCfg = Release|Any CPU
		{165987B2-2F6C-B884-999D-BB349EE034BB}.Release|Any CPU.Build.0 = Release|Any CPU
	EndGlobalSection
	GlobalSection(SolutionProperties) = preSolution
		HideSolutionNode = FALSE
	EndGlobalSection
EndGlobal
